
Microsoft Visual Studio Solution File, Format Version 12.00
# Visual Studio Version 16
VisualStudioVersion = 16.0.31911.196
MinimumVisualStudioVersion = 10.0.40219.1
Project("{FAE04EC0-301F-11D3-BF4B-00C04F79EFBC}") = "Lab4WPF", "Lab4WPF\Lab4WPF.csproj", "{A0535ACC-CD67-48A3-B42D-B7E1B19179BF}"
EndProject
Global
	GlobalSection(SolutionConfigurationPlatforms) = preSolution
		Debug|Any CPU = Debug|Any CPU
		Release|Any CPU = Release|Any CPU
	EndGlobalSection
	GlobalSection(ProjectConfigurationPlatforms) = postSolution
		{A0535ACC-CD67-48A3-B42D-B7E1B19179BF}.Debug|Any CPU.ActiveCfg = Debug|Any CPU
		{A0535ACC-CD67-48A3-B42D-B7E1B19179BF}.Debug|Any CPU.Build.0 = Debug|Any CPU
		{A0535ACC-CD67-48A3-B42D-B7E1B19179BF}.Release|Any CPU.ActiveCfg = Release|Any CPU
		{A0535ACC-CD67-48A3-B42D-B7E1B19179BF}.Release|Any CPU.Build.0 = Release|Any CPU
	EndGlobalSection
	GlobalSection(SolutionProperties) = preSolution
		HideSolutionNode = FALSE
	EndGlobalSection
	GlobalSection(ExtensibilityGlobals) = postSolution
		SolutionGuid = {3F72FBC6-6A46-4866-8D45-67589A590A97}
	EndGlobalSection
EndGlobal
